{
	"name": "w9-crafter",
	"version": "1.0.0",
	"lockfileVersion": 3,
	"requires": true,
	"packages": {
		"": {
			"name": "w9-crafter",
			"version": "1.0.0",
			"license": "ISC",
			"dependencies": {
				"@tauri-apps/plugin-dialog": "^2.0.0-beta.2",
				"@tauri-apps/plugin-fs": "^2.0.0-beta.2"
			}
		},
		"node_modules/@tauri-apps/api": {
			"version": "2.0.0-beta.4",
			"resolved": "https://registry.npmjs.org/@tauri-apps/api/-/api-2.0.0-beta.4.tgz",
			"integrity": "sha512-Nxtj28NYUo5iwYkpYslxmOPkdI2WkELU2e3UH9nbJm9Ydki2CQwJVGQxx4EANtdZcMNsEsUzRqaDTvEUYH1l6w==",
			"engines": {
				"node": ">= 18",
				"npm": ">= 6.6.0",
				"yarn": ">= 1.19.1"
			},
			"funding": {
				"type": "opencollective",
				"url": "https://opencollective.com/tauri"
			}
		},
		"node_modules/@tauri-apps/plugin-dialog": {
			"version": "2.0.0-beta.2",
			"resolved": "https://registry.npmjs.org/@tauri-apps/plugin-dialog/-/plugin-dialog-2.0.0-beta.2.tgz",
			"integrity": "sha512-WugTn/8d5jYA0GL1JRIJgA1OSxG0h2V4PSZZzehgA3v7rPlIU6w9s2+dSRqj55aMj6hm3Az9YbQqC18nuaHkpw==",
			"dependencies": {
				"@tauri-apps/api": "2.0.0-beta.4"
			}
		},
		"node_modules/@tauri-apps/plugin-fs": {
			"version": "2.0.0-beta.2",
			"resolved": "https://registry.npmjs.org/@tauri-apps/plugin-fs/-/plugin-fs-2.0.0-beta.2.tgz",
			"integrity": "sha512-jqeRBrm0h9QUoep5OzHx5R0vgFCYVAmZIy45jJpR7hHvnEgUwDU8JLUUVPvWniq6tUtxjwr1V/a0Hm9pE9V+NQ==",
			"dependencies": {
				"@tauri-apps/api": "2.0.0-beta.4"
			}
		}
	}
}
